
Microsoft Visual Studio Solution File, Format Version 12.00
# Visual Studio Version 17
VisualStudioVersion = 17.5.33516.290
MinimumVisualStudioVersion = 10.0.40219.1
Project("{FAE04EC0-301F-11D3-BF4B-00C04F79EFBC}") = "Entities", "Entities\Entities.csproj", "{846EE224-F854-47DC-85BF-952F8B4FAE1E}"
	ProjectSection(ProjectDependencies) = postProject
		{D8E5D074-0FC1-4477-B39D-426FDE6380B0} = {D8E5D074-0FC1-4477-B39D-426FDE6380B0}
	EndProjectSection
EndProject
Project("{FAE04EC0-301F-11D3-BF4B-00C04F79EFBC}") = "DataAccess", "DataAccess\DataAccess.csproj", "{3ABF5FC3-9AF4-44B4-9CB2-66443758E181}"
	ProjectSection(ProjectDependencies) = postProject
		{846EE224-F854-47DC-85BF-952F8B4FAE1E} = {846EE224-F854-47DC-85BF-952F8B4FAE1E}
	EndProjectSection
EndProject
Project("{FAE04EC0-301F-11D3-BF4B-00C04F79EFBC}") = "Business", "Business\Business.csproj", "{6F99D0AE-1EEC-4ED2-B45B-AA4D28689CD5}"
	ProjectSection(ProjectDependencies) = postProject
		{3ABF5FC3-9AF4-44B4-9CB2-66443758E181} = {3ABF5FC3-9AF4-44B4-9CB2-66443758E181}
		{846EE224-F854-47DC-85BF-952F8B4FAE1E} = {846EE224-F854-47DC-85BF-952F8B4FAE1E}
	EndProjectSection
EndProject
Project("{FAE04EC0-301F-11D3-BF4B-00C04F79EFBC}") = "Core", "Core\Core.csproj", "{D8E5D074-0FC1-4477-B39D-426FDE6380B0}"
EndProject
Project("{FAE04EC0-301F-11D3-BF4B-00C04F79EFBC}") = "WebAPI", "WebAPI\WebAPI.csproj", "{8B6A2B87-1A08-4CE6-8F3B-E5B7C12E9796}"
EndProject
Global
	GlobalSection(SolutionConfigurationPlatforms) = preSolution
		Debug|Any CPU = Debug|Any CPU
		Release|Any CPU = Release|Any CPU
	EndGlobalSection
	GlobalSection(ProjectConfigurationPlatforms) = postSolution
		{846EE224-F854-47DC-85BF-952F8B4FAE1E}.Debug|Any CPU.ActiveCfg = Debug|Any CPU
		{846EE224-F854-47DC-85BF-952F8B4FAE1E}.Debug|Any CPU.Build.0 = Debug|Any CPU
		{846EE224-F854-47DC-85BF-952F8B4FAE1E}.Release|Any CPU.ActiveCfg = Release|Any CPU
		{846EE224-F854-47DC-85BF-952F8B4FAE1E}.Release|Any CPU.Build.0 = Release|Any CPU
		{3ABF5FC3-9AF4-44B4-9CB2-66443758E181}.Debug|Any CPU.ActiveCfg = Debug|Any CPU
		{3ABF5FC3-9AF4-44B4-9CB2-66443758E181}.Debug|Any CPU.Build.0 = Debug|Any CPU
		{3ABF5FC3-9AF4-44B4-9CB2-66443758E181}.Release|Any CPU.ActiveCfg = Release|Any CPU
		{3ABF5FC3-9AF4-44B4-9CB2-66443758E181}.Release|Any CPU.Build.0 = Release|Any CPU
		{6F99D0AE-1EEC-4ED2-B45B-AA4D28689CD5}.Debug|Any CPU.ActiveCfg = Debug|Any CPU
		{6F99D0AE-1EEC-4ED2-B45B-AA4D28689CD5}.Debug|Any CPU.Build.0 = Debug|Any CPU
		{6F99D0AE-1EEC-4ED2-B45B-AA4D28689CD5}.Release|Any CPU.ActiveCfg = Release|Any CPU
		{6F99D0AE-1EEC-4ED2-B45B-AA4D28689CD5}.Release|Any CPU.Build.0 = Release|Any CPU
		{D8E5D074-0FC1-4477-B39D-426FDE6380B0}.Debug|Any CPU.ActiveCfg = Debug|Any CPU
		{D8E5D074-0FC1-4477-B39D-426FDE6380B0}.Debug|Any CPU.Build.0 = Debug|Any CPU
		{D8E5D074-0FC1-4477-B39D-426FDE6380B0}.Release|Any CPU.ActiveCfg = Release|Any CPU
		{D8E5D074-0FC1-4477-B39D-426FDE6380B0}.Release|Any CPU.Build.0 = Release|Any CPU
		{8B6A2B87-1A08-4CE6-8F3B-E5B7C12E9796}.Debug|Any CPU.ActiveCfg = Debug|Any CPU
		{8B6A2B87-1A08-4CE6-8F3B-E5B7C12E9796}.Debug|Any CPU.Build.0 = Debug|Any CPU
		{8B6A2B87-1A08-4CE6-8F3B-E5B7C12E9796}.Release|Any CPU.ActiveCfg = Release|Any CPU
		{8B6A2B87-1A08-4CE6-8F3B-E5B7C12E9796}.Release|Any CPU.Build.0 = Release|Any CPU
	EndGlobalSection
	GlobalSection(SolutionProperties) = preSolution
		HideSolutionNode = FALSE
	EndGlobalSection
	GlobalSection(ExtensibilityGlobals) = postSolution
		SolutionGuid = {BE347C0A-1DCF-4C8A-933C-F64CD313F02B}
	EndGlobalSection
EndGlobal
